{
  "name": "tilloo",
  "version": "2.0.4",
  "lockfileVersion": 1,
  "requires": true,
  "dependencies": {
    "after": {
      "version": "0.8.1",
      "resolved": "https://registry.npmjs.org/after/-/after-0.8.1.tgz",
      "integrity": "sha1-q11PuIP1loFtNRX495HAr0ht1ic="
    },
    "angular": {
      "version": "1.5.0",
      "resolved": "http://registry.npmjs.org/angular/-/angular-1.5.0.tgz",
      "integrity": "sha1-2W7perbfbP0JFazL7khNCYrbdOw="
    },
    "angular-animate": {
      "version": "1.5.0",
      "resolved": "http://registry.npmjs.org/angular-animate/-/angular-animate-1.5.0.tgz",
      "integrity": "sha1-DjHzH6erLd9epXh+R2VIZE1i+5M="
    },
    "angular-aria": {
      "version": "1.5.0",
      "resolved": "http://registry.npmjs.org/angular-aria/-/angular-aria-1.5.0.tgz",
      "integrity": "sha1-sQmd6gKvQdJklT6il1kLFQRnOAI="
    },
    "angular-material": {
      "version": "1.0.5",
      "resolved": "https://registry.npmjs.org/angular-material/-/angular-material-1.0.5.tgz",
      "integrity": "sha1-D7/M1du0gV04LZLc2EIo7udapEI="
    },
    "angular-material-data-table": {
      "version": "0.10.9",
      "resolved": "https://registry.npmjs.org/angular-material-data-table/-/angular-material-data-table-0.10.9.tgz",
      "integrity": "sha1-pBcYmJmdsTzK4vTAQre8XFe9TKc="
    },
    "angular-messages": {
      "version": "1.5.0",
      "resolved": "http://registry.npmjs.org/angular-messages/-/angular-messages-1.5.0.tgz",
      "integrity": "sha1-CWHfM5k0dXWdAFLG+XWX6FELgq8="
    },
    "angular-route": {
      "version": "1.5.0",
      "resolved": "http://registry.npmjs.org/angular-route/-/angular-route-1.5.0.tgz",
      "integrity": "sha1-1vlPWPvoD4rA7zxEdTwgxCTbbDM="
    },
    "arraybuffer.slice": {
      "version": "0.0.6",
      "resolved": "https://registry.npmjs.org/arraybuffer.slice/-/arraybuffer.slice-0.0.6.tgz",
      "integrity": "sha1-8zshWfBTKj8xB6JywMz70a0peco="
    },
    "backo2": {
      "version": "1.0.2",
      "resolved": "https://registry.npmjs.org/backo2/-/backo2-1.0.2.tgz",
      "integrity": "sha1-MasayLEpNjRj41s+u2n038+6eUc="
    },
    "base64-arraybuffer": {
      "version": "0.1.2",
      "resolved": "https://registry.npmjs.org/base64-arraybuffer/-/base64-arraybuffer-0.1.2.tgz",
      "integrity": "sha1-R030qfLaJOBd8xWMOx2zw81GoVQ="
    },
    "benchmark": {
      "version": "1.0.0",
      "resolved": "http://registry.npmjs.org/benchmark/-/benchmark-1.0.0.tgz",
      "integrity": "sha1-Lx4vpMNZ8REiqhgwgiGOlX45DHM="
    },
    "better-assert": {
      "version": "1.0.2",
      "resolved": "https://registry.npmjs.org/better-assert/-/better-assert-1.0.2.tgz",
      "integrity": "sha1-QIZrnhueC1W0gYlDEeaPr/rrxSI=",
      "requires": {
        "callsite": "1.0.0"
      }
    },
    "blob": {
      "version": "0.0.2",
      "resolved": "http://registry.npmjs.org/blob/-/blob-0.0.2.tgz",
      "integrity": "sha1-uJVivWmUr5W6HoEhVVNjM6ojzyQ="
    },
    "callsite": {
      "version": "1.0.0",
      "resolved": "https://registry.npmjs.org/callsite/-/callsite-1.0.0.tgz",
      "integrity": "sha1-KAOY5dZkvXQDi28JBRU+borxvCA="
    },
    "commander": {
      "version": "0.6.1",
      "resolved": "http://registry.npmjs.org/commander/-/commander-0.6.1.tgz",
      "integrity": "sha1-+mihT2qUXVTbvlDYzbMyDp47GgY="
    },
    "component-bind": {
      "version": "1.0.0",
      "resolved": "https://registry.npmjs.org/component-bind/-/component-bind-1.0.0.tgz",
      "integrity": "sha1-AMYIq33Nk4l8AAllGx06jh5zu9E="
    },
    "component-emitter": {
      "version": "1.1.2",
      "resolved": "https://registry.npmjs.org/component-emitter/-/component-emitter-1.1.2.tgz",
      "integrity": "sha1-KWWU8nU9qmOZbSrwjRWpURbJrsM="
    },
    "component-inherit": {
      "version": "0.0.3",
      "resolved": "https://registry.npmjs.org/component-inherit/-/component-inherit-0.0.3.tgz",
      "integrity": "sha1-ZF/ErfWLcrZJ1crmUTVhnbJv8UM="
    },
    "debug": {
      "version": "0.7.4",
      "resolved": "http://registry.npmjs.org/debug/-/debug-0.7.4.tgz",
      "integrity": "sha1-BuHqgILCyxTjmAbiLi9vdX+Srzk="
    },
    "engine.io-client": {
      "version": "1.5.1",
      "resolved": "http://registry.npmjs.org/engine.io-client/-/engine.io-client-1.5.1.tgz",
      "integrity": "sha1-7NACbZCwZRabmIWWAYPz1WuNoY4=",
      "requires": {
        "component-emitter": "1.1.2",
        "component-inherit": "0.0.3",
        "debug": "1.0.4",
        "engine.io-parser": "1.2.1",
        "has-cors": "1.0.3",
        "indexof": "0.0.1",
        "parsejson": "0.0.1",
        "parseqs": "0.0.2",
        "parseuri": "0.0.4",
        "ws": "0.4.31",
        "xmlhttprequest": "https://github.com/rase-/node-XMLHttpRequest/archive/a6b6f2.tar.gz"
      },
      "dependencies": {
        "debug": {
          "version": "1.0.4",
          "resolved": "http://registry.npmjs.org/debug/-/debug-1.0.4.tgz",
          "integrity": "sha1-W5wla9VLbsAigxdvqKDt5tFUy/g=",
          "requires": {
            "ms": "0.6.2"
          }
        },
        "parseuri": {
          "version": "0.0.4",
          "resolved": "https://registry.npmjs.org/parseuri/-/parseuri-0.0.4.tgz",
          "integrity": "sha1-gGWCo5iH4eoY3V4v4OAZAiaOk1A=",
          "requires": {
            "better-assert": "~1.0.0"
          }
        }
      }
    },
    "engine.io-parser": {
      "version": "1.2.1",
      "resolved": "http://registry.npmjs.org/engine.io-parser/-/engine.io-parser-1.2.1.tgz",
      "integrity": "sha1-RGKmfQxwqQfAbbLh3lN5Gob1qzc=",
      "requires": {
        "after": "0.8.1",
        "arraybuffer.slice": "0.0.6",
        "base64-arraybuffer": "0.1.2",
        "blob": "0.0.2",
        "has-binary": "0.1.5",
        "utf8": "2.0.0"
      },
      "dependencies": {
        "has-binary": {
          "version": "0.1.5",
          "resolved": "https://registry.npmjs.org/has-binary/-/has-binary-0.1.5.tgz",
          "integrity": "sha1-ledXIP8xtyo7qJpbbc4ILkvGRn8=",
          "requires": {
            "isarray": "0.0.1"
          }
        }
      }
    },
    "global": {
      "version": "https://github.com/component/global/archive/v2.0.1.tar.gz",
      "integrity": "sha512-O91OcV/NbdmQJPHaRu2ekSP7bqFRLWgqSwaJvqHPZHUwmHBagQYTOra29+LnzzG3lZkXH1ANzHzfCxtAPM9HMA=="
    },
    "has-binary": {
      "version": "0.1.6",
      "resolved": "https://registry.npmjs.org/has-binary/-/has-binary-0.1.6.tgz",
      "integrity": "sha1-JTJvOc+k9hath4eJTjryz7x7bhA=",
      "requires": {
        "isarray": "0.0.1"
      }
    },
    "has-cors": {
      "version": "1.0.3",
      "resolved": "https://registry.npmjs.org/has-cors/-/has-cors-1.0.3.tgz",
      "integrity": "sha1-UCrLmzEE2sM90mMOry+IiwuvTLM=",
      "requires": {
        "global": "https://github.com/component/global/archive/v2.0.1.tar.gz"
      }
    },
    "indexof": {
      "version": "0.0.1",
      "resolved": "https://registry.npmjs.org/indexof/-/indexof-0.0.1.tgz",
      "integrity": "sha1-gtwzbSMrkGIXnQWrMpOmYFn9Q10="
    },
    "isarray": {
      "version": "0.0.1",
      "resolved": "https://registry.npmjs.org/isarray/-/isarray-0.0.1.tgz",
      "integrity": "sha1-ihis/Kmo9Bd+Cav8YDiTmwXR7t8="
    },
    "json3": {
      "version": "3.2.6",
      "resolved": "https://registry.npmjs.org/json3/-/json3-3.2.6.tgz",
      "integrity": "sha1-9u/JPAagTemuxTBT3yVZuxniA4s="
    },
    "lodash": {
      "version": "4.17.13",
      "resolved": "https://registry.npmjs.org/lodash/-/lodash-4.17.13.tgz",
      "integrity": "sha512-vm3/XWXfWtRua0FkUyEHBZy8kCPjErNBT9fJx8Zvs+U6zjqPbTUOpkaoum3O5uiA8sm+yNMHXfYkTUHFoMxFNA=="
    },
    "ms": {
      "version": "0.6.2",
      "resolved": "http://registry.npmjs.org/ms/-/ms-0.6.2.tgz",
      "integrity": "sha1-2JwhJMb9wTU9Zai3e/GqxLGTcIw="
    },
    "nan": {
      "version": "0.3.2",
      "resolved": "http://registry.npmjs.org/nan/-/nan-0.3.2.tgz",
      "integrity": "sha1-DfGTXKsVNpB17xYK0olBB6oU3C0="
    },
    "object-component": {
      "version": "0.0.3",
      "resolved": "https://registry.npmjs.org/object-component/-/object-component-0.0.3.tgz",
      "integrity": "sha1-8MaapQ78lbhmwYb0AKM3acsvEpE="
    },
    "options": {
      "version": "0.0.6",
      "resolved": "https://registry.npmjs.org/options/-/options-0.0.6.tgz",
      "integrity": "sha1-7CLTEoBrtT5zF3Pnza788cZDEo8="
    },
    "parsejson": {
      "version": "0.0.1",
      "resolved": "https://registry.npmjs.org/parsejson/-/parsejson-0.0.1.tgz",
      "integrity": "sha1-mxDGwNglq1ieaFFTgm3go7oni8w=",
      "requires": {
        "better-assert": "~1.0.0"
      }
    },
    "parseqs": {
      "version": "0.0.2",
      "resolved": "https://registry.npmjs.org/parseqs/-/parseqs-0.0.2.tgz",
      "integrity": "sha1-nf5wss3aw4i95PNbHyQPpYrb5sc=",
      "requires": {
        "better-assert": "~1.0.0"
      }
    },
    "parseuri": {
      "version": "0.0.2",
      "resolved": "https://registry.npmjs.org/parseuri/-/parseuri-0.0.2.tgz",
      "integrity": "sha1-20GHjy1pZHGL6HCzFAlz2Ak74VY=",
      "requires": {
        "better-assert": "~1.0.0"
      }
    },
    "socket.io-client": {
      "version": "1.3.5",
      "resolved": "https://registry.npmjs.org/socket.io-client/-/socket.io-client-1.3.5.tgz",
      "integrity": "sha1-nDpvvb2ZQgw2M6FrTiVD5z8TA+o=",
      "requires": {
        "backo2": "1.0.2",
        "component-bind": "1.0.0",
        "component-emitter": "1.1.2",
        "debug": "0.7.4",
        "engine.io-client": "1.5.1",
        "has-binary": "0.1.6",
        "indexof": "0.0.1",
        "object-component": "0.0.3",
        "parseuri": "0.0.2",
        "socket.io-parser": "2.2.4",
        "to-array": "0.1.3"
      }
    },
    "socket.io-parser": {
      "version": "2.2.4",
      "resolved": "http://registry.npmjs.org/socket.io-parser/-/socket.io-parser-2.2.4.tgz",
      "integrity": "sha1-+c4ZvxkJYIzrFdl3IeI7/dHnz2U=",
      "requires": {
        "benchmark": "1.0.0",
        "component-emitter": "1.1.2",
        "debug": "0.7.4",
        "isarray": "0.0.1",
        "json3": "3.2.6"
      }
    },
    "tinycolor": {
      "version": "0.0.1",
      "resolved": "https://registry.npmjs.org/tinycolor/-/tinycolor-0.0.1.tgz",
      "integrity": "sha1-MgtaUtg6u1l42Bo+iH1K77FaYWQ="
    },
    "to-array": {
      "version": "0.1.3",
      "resolved": "https://registry.npmjs.org/to-array/-/to-array-0.1.3.tgz",
      "integrity": "sha1-1F2txjY0F/YPKEdP6lDs3btPSZE="
    },
    "utf8": {
      "version": "2.0.0",
      "resolved": "http://registry.npmjs.org/utf8/-/utf8-2.0.0.tgz",
      "integrity": "sha1-ec5Z7O2HSAnKuacfxxAsfUXUEY0="
    },
    "ws": {
      "version": "0.4.31",
      "resolved": "http://registry.npmjs.org/ws/-/ws-0.4.31.tgz",
      "integrity": "sha1-WkhJ56nM0e1aga60hHyf7fMSKSc=",
      "requires": {
        "commander": "~0.6.1",
        "nan": "~0.3.0",
        "options": ">=0.0.5",
        "tinycolor": "0.x"
      }
    },
    "xmlhttprequest": {
      "version": "https://github.com/rase-/node-XMLHttpRequest/archive/a6b6f2.tar.gz",
      "integrity": "sha512-GO6pmHif8rvZ9YddEoem4hQo0OvcTZJnPGyKxBNsFwgEwNYxbpfewye2ulTDAanWXTcfl2+XKE6/DK7SAoKqMw=="
    }
  }
}
